// !$*UTF8*$!
{
	archiveVersion = 1;
	classes = {
	};
	objectVersion = 46;
	objects = {

/* Begin PBXBuildFile section */
		2924BF951E8D73AE00F3D3DE /* AppDelegate.swift in Sources */ = {isa = PBXBuildFile; fileRef = 2924BF941E8D73AE00F3D3DE /* AppDelegate.swift */; };
		2924BF971E8D73AE00F3D3DE /* ViewController.swift in Sources */ = {isa = PBXBuildFile; fileRef = 2924BF961E8D73AE00F3D3DE /* ViewController.swift */; };
		2924BF9A1E8D73AE00F3D3DE /* Main.storyboard in Resources */ = {isa = PBXBuildFile; fileRef = 2924BF981E8D73AE00F3D3DE /* Main.storyboard */; };
		2924BF9C1E8D73AE00F3D3DE /* Assets.xcassets in Resources */ = {isa = PBXBuildFile; fileRef = 2924BF9B1E8D73AE00F3D3DE /* Assets.xcassets */; };
		2924BF9F1E8D73AE00F3D3DE /* LaunchScreen.storyboard in Resources */ = {isa = PBXBuildFile; fileRef = 2924BF9D1E8D73AE00F3D3DE /* LaunchScreen.storyboard */; };
		2924BFAA1E8D73AF00F3D3DE /* EVA2_P4_AUTOSTests.swift in Sources */ = {isa = PBXBuildFile; fileRef = 2924BFA91E8D73AF00F3D3DE /* EVA2_P4_AUTOSTests.swift */; };
		2924BFB51E8D73AF00F3D3DE /* EVA2_P4_AUTOSUITests.swift in Sources */ = {isa = PBXBuildFile; fileRef = 2924BFB41E8D73AF00F3D3DE /* EVA2_P4_AUTOSUITests.swift */; };
/* End PBXBuildFile section */

/* Begin PBXContainerItemProxy section */
		2924BFA61E8D73AF00F3D3DE /* PBXContainerItemProxy */ = {
			isa = PBXContainerItemProxy;
			containerPortal = 2924BF891E8D73AE00F3D3DE /* Project object */;
			proxyType = 1;
			remoteGlobalIDString = 2924BF901E8D73AE00F3D3DE;
			remoteInfo = EVA2_P4_AUTOS;
		};
		2924BFB11E8D73AF00F3D3DE /* PBXContainerItemProxy */ = {
			isa = PBXContainerItemProxy;
			containerPortal = 2924BF891E8D73AE00F3D3DE /* Project object */;
			proxyType = 1;
			remoteGlobalIDString = 2924BF901E8D73AE00F3D3DE;
			remoteInfo = EVA2_P4_AUTOS;
		};
/* End PBXContainerItemProxy section */

/* Begin PBXFileReference section */
		2924BF911E8D73AE00F3D3DE /* EVA2_P4_AUTOS.app */ = {isa = PBXFileReference; explicitFileType = wrapper.application; includeInIndex = 0; path = EVA2_P4_AUTOS.app; sourceTree = BUILT_PRODUCTS_DIR; };
		2924BF941E8D73AE00F3D3DE /* AppDelegate.swift */ = {isa = PBXFileReference; lastKnownFileType = sourcecode.swift; path = AppDelegate.swift; sourceTree = "<group>"; };
		2924BF961E8D73AE00F3D3DE /* ViewController.swift */ = {isa = PBXFileReference; lastKnownFileType = sourcecode.swift; path = ViewController.swift; sourceTree = "<group>"; };
		2924BF991E8D73AE00F3D3DE /* Base */ = {isa = PBXFileReference; lastKnownFileType = file.storyboard; name = Base; path = Base.lproj/Main.storyboard; sourceTree = "<group>"; };
		2924BF9B1E8D73AE00F3D3DE /* Assets.xcassets */ = {isa = PBXFileReference; lastKnownFileType = folder.assetcatalog; path = Assets.xcassets; sourceTree = "<group>"; };
		2924BF9E1E8D73AE00F3D3DE /* Base */ = {isa = PBXFileReference; lastKnownFileType = file.storyboard; name = Base; path = Base.lproj/LaunchScreen.storyboard; sourceTree = "<group>"; };
		2924BFA01E8D73AE00F3D3DE /* Info.plist */ = {isa = PBXFileReference; lastKnownFileType = text.plist.xml; path = Info.plist; sourceTree = "<group>"; };
		2924BFA51E8D73AF00F3D3DE /* EVA2_P4_AUTOSTests.xctest */ = {isa = PBXFileReference; explicitFileType = wrapper.cfbundle; includeInIndex = 0; path = EVA2_P4_AUTOSTests.xctest; sourceTree = BUILT_PRODUCTS_DIR; };
		2924BFA91E8D73AF00F3D3DE /* EVA2_P4_AUTOSTests.swift */ = {isa = PBXFileReference; lastKnownFileType = sourcecode.swift; path = EVA2_P4_AUTOSTests.swift; sourceTree = "<group>"; };
		2924BFAB1E8D73AF00F3D3DE /* Info.plist */ = {isa = PBXFileReference; lastKnownFileType = text.plist.xml; path = Info.plist; sourceTree = "<group>"; };
		2924BFB01E8D73AF00F3D3DE /* EVA2_P4_AUTOSUITests.xctest */ = {isa = PBXFileReference; explicitFileType = wrapper.cfbundle; includeInIndex = 0; path = EVA2_P4_AUTOSUITests.xctest; sourceTree = BUILT_PRODUCTS_DIR; };
		2924BFB41E8D73AF00F3D3DE /* EVA2_P4_AUTOSUITests.swift */ = {isa = PBXFileReference; lastKnownFileType = sourcecode.swift; path = EVA2_P4_AUTOSUITests.swift; sourceTree = "<group>"; };
		2924BFB61E8D73AF00F3D3DE /* Info.plist */ = {isa = PBXFileReference; lastKnownFileType = text.plist.xml; path = Info.plist; sourceTree = "<group>"; };
/* End PBXFileReference section */

/* Begin PBXFrameworksBuildPhase section */
		2924BF8E1E8D73AE00F3D3DE /* Frameworks */ = {
			isa = PBXFrameworksBuildPhase;
			buildActionMask = 2147483647;
			files = (
			);
			runOnlyForDeploymentPostprocessing = 0;
		};
		2924BFA21E8D73AF00F3D3DE /* Frameworks */ = {
			isa = PBXFrameworksBuildPhase;
			buildActionMask = 2147483647;
			files = (
			);
			runOnlyForDeploymentPostprocessing = 0;
		};
		2924BFAD1E8D73AF00F3D3DE /* Frameworks */ = {
			isa = PBXFrameworksBuildPhase;
			buildActionMask = 2147483647;
			files = (
			);
			runOnlyForDeploymentPostprocessing = 0;
		};
/* End PBXFrameworksBuildPhase section */

/* Begin PBXGroup section */
		2924BF881E8D73AE00F3D3DE = {
			isa = PBXGroup;
			children = (
				2924BF931E8D73AE00F3D3DE /* EVA2_P4_AUTOS */,
				2924BFA81E8D73AF00F3D3DE /* EVA2_P4_AUTOSTests */,
				2924BFB31E8D73AF00F3D3DE /* EVA2_P4_AUTOSUITests */,
				2924BF921E8D73AE00F3D3DE /* Products */,
			);
			sourceTree = "<group>";
		};
		2924BF921E8D73AE00F3D3DE /* Products */ = {
			isa = PBXGroup;
			children = (
				2924BF911E8D73AE00F3D3DE /* EVA2_P4_AUTOS.app */,
				2924BFA51E8D73AF00F3D3DE /* EVA2_P4_AUTOSTests.xctest */,
				2924BFB01E8D73AF00F3D3DE /* EVA2_P4_AUTOSUITests.xctest */,
			);
			name = Products;
			sourceTree = "<group>";
		};
		2924BF931E8D73AE00F3D3DE /* EVA2_P4_AUTOS */ = {
			isa = PBXGroup;
			children = (
				2924BF941E8D73AE00F3D3DE /* AppDelegate.swift */,
				2924BF961E8D73AE00F3D3DE /* ViewController.swift */,
				2924BF981E8D73AE00F3D3DE /* Main.storyboard */,
				2924BF9B1E8D73AE00F3D3DE /* Assets.xcassets */,
				2924BF9D1E8D73AE00F3D3DE /* LaunchScreen.storyboard */,
				2924BFA01E8D73AE00F3D3DE /* Info.plist */,
			);
			path = EVA2_P4_AUTOS;
			sourceTree = "<group>";
		};
		2924BFA81E8D73AF00F3D3DE /* EVA2_P4_AUTOSTests */ = {
			isa = PBXGroup;
			children = (
				2924BFA91E8D73AF00F3D3DE /* EVA2_P4_AUTOSTests.swift */,
				2924BFAB1E8D73AF00F3D3DE /* Info.plist */,
			);
			path = EVA2_P4_AUTOSTests;
			sourceTree = "<group>";
		};
		2924BFB31E8D73AF00F3D3DE /* EVA2_P4_AUTOSUITests */ = {
			isa = PBXGroup;
			children = (
				2924BFB41E8D73AF00F3D3DE /* EVA2_P4_AUTOSUITests.swift */,
				2924BFB61E8D73AF00F3D3DE /* Info.plist */,
			);
			path = EVA2_P4_AUTOSUITests;
			sourceTree = "<group>";
		};
/* End PBXGroup section */

/* Begin PBXNativeTarget section */
		2924BF901E8D73AE00F3D3DE /* EVA2_P4_AUTOS */ = {
			isa = PBXNativeTarget;
			buildConfigurationList = 2924BFB91E8D73AF00F3D3DE /* Build configuration list for PBXNativeTarget "EVA2_P4_AUTOS" */;
			buildPhases = (
				2924BF8D1E8D73AE00F3D3DE /* Sources */,
				2924BF8E1E8D73AE00F3D3DE /* Frameworks */,
				2924BF8F1E8D73AE00F3D3DE /* Resources */,
			);
			buildRules = (
			);
			dependencies = (
			);
			name = EVA2_P4_AUTOS;
			productName = EVA2_P4_AUTOS;
			productReference = 2924BF911E8D73AE00F3D3DE /* EVA2_P4_AUTOS.app */;
			productType = "com.apple.product-type.application";
		};
		2924BFA41E8D73AF00F3D3DE /* EVA2_P4_AUTOSTests */ = {
			isa = PBXNativeTarget;
			buildConfigurationList = 2924BFBC1E8D73AF00F3D3DE /* Build configuration list for PBXNativeTarget "EVA2_P4_AUTOSTests" */;
			buildPhases = (
				2924BFA11E8D73AF00F3D3DE /* Sources */,
				2924BFA21E8D73AF00F3D3DE /* Frameworks */,
				2924BFA31E8D73AF00F3D3DE /* Resources */,
			);
			buildRules = (
			);
			dependencies = (
				2924BFA71E8D73AF00F3D3DE /* PBXTargetDependency */,
			);
			name = EVA2_P4_AUTOSTests;
			productName = EVA2_P4_AUTOSTests;
			productReference = 2924BFA51E8D73AF00F3D3DE /* EVA2_P4_AUTOSTests.xctest */;
			productType = "com.apple.product-type.bundle.unit-test";
		};
		2924BFAF1E8D73AF00F3D3DE /* EVA2_P4_AUTOSUITests */ = {
			isa = PBXNativeTarget;
			buildConfigurationList = 2924BFBF1E8D73AF00F3D3DE /* Build configuration list for PBXNativeTarget "EVA2_P4_AUTOSUITests" */;
			buildPhases = (
				2924BFAC1E8D73AF00F3D3DE /* Sources */,
				2924BFAD1E8D73AF00F3D3DE /* Frameworks */,
				2924BFAE1E8D73AF00F3D3DE /* Resources */,
			);
			buildRules = (
			);
			dependencies = (
				2924BFB21E8D73AF00F3D3DE /* PBXTargetDependency */,
			);
			name = EVA2_P4_AUTOSUITests;
			productName = EVA2_P4_AUTOSUITests;
			productReference = 2924BFB01E8D73AF00F3D3DE /* EVA2_P4_AUTOSUITests.xctest */;
			productType = "com.apple.product-type.bundle.ui-testing";
		};
/* End PBXNativeTarget section */

/* Begin PBXProject section */
		2924BF891E8D73AE00F3D3DE /* Project object */ = {
			isa = PBXProject;
			attributes = {
				LastSwiftUpdateCheck = 0730;
				LastUpgradeCheck = 0730;
				ORGANIZATIONNAME = "JOSE CARLOS";
				TargetAttributes = {
					2924BF901E8D73AE00F3D3DE = {
						CreatedOnToolsVersion = 7.3.1;
					};
					2924BFA41E8D73AF00F3D3DE = {
						CreatedOnToolsVersion = 7.3.1;
						TestTargetID = 2924BF901E8D73AE00F3D3DE;
					};
					2924BFAF1E8D73AF00F3D3DE = {
						CreatedOnToolsVersion = 7.3.1;
						TestTargetID = 2924BF901E8D73AE00F3D3DE;
					};
				};
			};
			buildConfigurationList = 2924BF8C1E8D73AE00F3D3DE /* Build configuration list for PBXProject "EVA2_P4_AUTOS" */;
			compatibilityVersion = "Xcode 3.2";
			developmentRegion = English;
			hasScannedForEncodings = 0;
			knownRegions = (
				en,
				Base,
			);
			mainGroup = 2924BF881E8D73AE00F3D3DE;
			productRefGroup = 2924BF921E8D73AE00F3D3DE /* Products */;
			projectDirPath = "";
			projectRoot = "";
			targets = (
				2924BF901E8D73AE00F3D3DE /* EVA2_P4_AUTOS */,
				2924BFA41E8D73AF00F3D3DE /* EVA2_P4_AUTOSTests */,
				2924BFAF1E8D73AF00F3D3DE /* EVA2_P4_AUTOSUITests */,
			);
		};
/* End PBXProject section */

/* Begin PBXResourcesBuildPhase section */
		2924BF8F1E8D73AE00F3D3DE /* Resources */ = {
			isa = PBXResourcesBuildPhase;
			buildActionMask = 2147483647;
			files = (
				2924BF9F1E8D73AE00F3D3DE /* LaunchScreen.storyboard in Resources */,
				2924BF9C1E8D73AE00F3D3DE /* Assets.xcassets in Resources */,
				2924BF9A1E8D73AE00F3D3DE /* Main.storyboard in Resources */,
			);
			runOnlyForDeploymentPostprocessing = 0;
		};
		2924BFA31E8D73AF00F3D3DE /* Resources */ = {
			isa = PBXResourcesBuildPhase;
			buildActionMask = 2147483647;
			files = (
			);
			runOnlyForDeploymentPostprocessing = 0;
		};
		2924BFAE1E8D73AF00F3D3DE /* Resources */ = {
			isa = PBXResourcesBuildPhase;
			buildActionMask = 2147483647;
			files = (
			);
			runOnlyForDeploymentPostprocessing = 0;
		};
/* End PBXResourcesBuildPhase section */

/* Begin PBXSourcesBuildPhase section */
		2924BF8D1E8D73AE00F3D3DE /* Sources */ = {
			isa = PBXSourcesBuildPhase;
			buildActionMask = 2147483647;
			files = (
				2924BF971E8D73AE00F3D3DE /* ViewController.swift in Sources */,
				2924BF951E8D73AE00F3D3DE /* AppDelegate.swift in Sources */,
			);
			runOnlyForDeploymentPostprocessing = 0;
		};
		2924BFA11E8D73AF00F3D3DE /* Sources */ = {
			isa = PBXSourcesBuildPhase;
			buildActionMask = 2147483647;
			files = (
				2924BFAA1E8D73AF00F3D3DE /* EVA2_P4_AUTOSTests.swift in Sources */,
			);
			runOnlyForDeploymentPostprocessing = 0;
		};
		2924BFAC1E8D73AF00F3D3DE /* Sources */ = {
			isa = PBXSourcesBuildPhase;
			buildActionMask = 2147483647;
			files = (
				2924BFB51E8D73AF00F3D3DE /* EVA2_P4_AUTOSUITests.swift in Sources */,
			);
			runOnlyForDeploymentPostprocessing = 0;
		};
/* End PBXSourcesBuildPhase section */

/* Begin PBXTargetDependency section */
		2924BFA71E8D73AF00F3D3DE /* PBXTargetDependency */ = {
			isa = PBXTargetDependency;
			target = 2924BF901E8D73AE00F3D3DE /* EVA2_P4_AUTOS */;
			targetProxy = 2924BFA61E8D73AF00F3D3DE /* PBXContainerItemProxy */;
		};
		2924BFB21E8D73AF00F3D3DE /* PBXTargetDependency */ = {
			isa = PBXTargetDependency;
			target = 2924BF901E8D73AE00F3D3DE /* EVA2_P4_AUTOS */;
			targetProxy = 2924BFB11E8D73AF00F3D3DE /* PBXContainerItemProxy */;
		};
/* End PBXTargetDependency section */

/* Begin PBXVariantGroup section */
		2924BF981E8D73AE00F3D3DE /* Main.storyboard */ = {
			isa = PBXVariantGroup;
			children = (
				2924BF991E8D73AE00F3D3DE /* Base */,
			);
			name = Main.storyboard;
			sourceTree = "<group>";
		};
		2924BF9D1E8D73AE00F3D3DE /* LaunchScreen.storyboard */ = {
			isa = PBXVariantGroup;
			children = (
				2924BF9E1E8D73AE00F3D3DE /* Base */,
			);
			name = LaunchScreen.storyboard;
			sourceTree = "<group>";
		};
/* End PBXVariantGroup section */

/* Begin XCBuildConfiguration section */
		2924BFB71E8D73AF00F3D3DE /* Debug */ = {
			isa = XCBuildConfiguration;
			buildSettings = {
				ALWAYS_SEARCH_USER_PATHS = NO;
				CLANG_ANALYZER_NONNULL = YES;
				CLANG_CXX_LANGUAGE_STANDARD = "gnu++0x";
				CLANG_CXX_LIBRARY = "libc++";
				CLANG_ENABLE_MODULES = YES;
				CLANG_ENABLE_OBJC_ARC = YES;
				CLANG_WARN_BOOL_CONVERSION = YES;
				CLANG_WARN_CONSTANT_CONVERSION = YES;
				CLANG_WARN_DIRECT_OBJC_ISA_USAGE = YES_ERROR;
				CLANG_WARN_EMPTY_BODY = YES;
				CLANG_WARN_ENUM_CONVERSION = YES;
				CLANG_WARN_INT_CONVERSION = YES;
				CLANG_WARN_OBJC_ROOT_CLASS = YES_ERROR;
				CLANG_WARN_UNREACHABLE_CODE = YES;
				CLANG_WARN__DUPLICATE_METHOD_MATCH = YES;
				"CODE_SIGN_IDENTITY[sdk=iphoneos*]" = "iPhone Developer";
				COPY_PHASE_STRIP = NO;
				DEBUG_INFORMATION_FORMAT = dwarf;
				ENABLE_STRICT_OBJC_MSGSEND = YES;
				ENABLE_TESTABILITY = YES;
				GCC_C_LANGUAGE_STANDARD = gnu99;
				GCC_DYNAMIC_NO_PIC = NO;
				GCC_NO_COMMON_BLOCKS = YES;
				GCC_OPTIMIZATION_LEVEL = 0;
				GCC_PREPROCESSOR_DEFINITIONS = (
					"DEBUG=1",
					"$(inherited)",
				);
				GCC_WARN_64_TO_32_BIT_CONVERSION = YES;
				GCC_WARN_ABOUT_RETURN_TYPE = YES_ERROR;
				GCC_WARN_UNDECLARED_SELECTOR = YES;
				GCC_WARN_UNINITIALIZED_AUTOS = YES_AGGRESSIVE;
				GCC_WARN_UNUSED_FUNCTION = YES;
				GCC_WARN_UNUSED_VARIABLE = YES;
				IPHONEOS_DEPLOYMENT_TARGET = 9.3;
				MTL_ENABLE_DEBUG_INFO = YES;
				ONLY_ACTIVE_ARCH = YES;
				SDKROOT = iphoneos;
				SWIFT_OPTIMIZATION_LEVEL = "-Onone";
				TARGETED_DEVICE_FAMILY = "1,2";
			};
			name = Debug;
		};
		2924BFB81E8D73AF00F3D3DE /* Release */ = {
			isa = XCBuildConfiguration;
			buildSettings = {
				ALWAYS_SEARCH_USER_PATHS = NO;
				CLANG_ANALYZER_NONNULL = YES;
				CLANG_CXX_LANGUAGE_STANDARD = "gnu++0x";
				CLANG_CXX_LIBRARY = "libc++";
				CLANG_ENABLE_MODULES = YES;
				CLANG_ENABLE_OBJC_ARC = YES;
				CLANG_WARN_BOOL_CONVERSION = YES;
				CLANG_WARN_CONSTANT_CONVERSION = YES;
				CLANG_WARN_DIRECT_OBJC_ISA_USAGE = YES_ERROR;
				CLANG_WARN_EMPTY_BODY = YES;
				CLANG_WARN_ENUM_CONVERSION = YES;
				CLANG_WARN_INT_CONVERSION = YES;
				CLANG_WARN_OBJC_ROOT_CLASS = YES_ERROR;
				CLANG_WARN_UNREACHABLE_CODE = YES;
				CLANG_WARN__DUPLICATE_METHOD_MATCH = YES;
				"CODE_SIGN_IDENTITY[sdk=iphoneos*]" = "iPhone Developer";
				COPY_PHASE_STRIP = NO;
				DEBUG_INFORMATION_FORMAT = "dwarf-with-dsym";
				ENABLE_NS_ASSERTIONS = NO;
				ENABLE_STRICT_OBJC_MSGSEND = YES;
				GCC_C_LANGUAGE_STANDARD = gnu99;
				GCC_NO_COMMON_BLOCKS = YES;
				GCC_WARN_64_TO_32_BIT_CONVERSION = YES;
				GCC_WARN_ABOUT_RETURN_TYPE = YES_ERROR;
				GCC_WARN_UNDECLARED_SELECTOR = YES;
				GCC_WARN_UNINITIALIZED_AUTOS = YES_AGGRESSIVE;
				GCC_WARN_UNUSED_FUNCTION = YES;
				GCC_WARN_UNUSED_VARIABLE = YES;
				IPHONEOS_DEPLOYMENT_TARGET = 9.3;
				MTL_ENABLE_DEBUG_INFO = NO;
				SDKROOT = iphoneos;
				TARGETED_DEVICE_FAMILY = "1,2";
				VALIDATE_PRODUCT = YES;
			};
			name = Release;
		};
		2924BFBA1E8D73AF00F3D3DE /* Debug */ = {
			isa = XCBuildConfiguration;
			buildSettings = {
				ASSETCATALOG_COMPILER_APPICON_NAME = AppIcon;
				INFOPLIST_FILE = EVA2_P4_AUTOS/Info.plist;
				LD_RUNPATH_SEARCH_PATHS = "$(inherited) @executable_path/Frameworks";
				PRODUCT_BUNDLE_IDENTIFIER = "com.jose.EVA2-P4-AUTOS";
				PRODUCT_NAME = "$(TARGET_NAME)";
			};
			name = Debug;
		};
		2924BFBB1E8D73AF00F3D3DE /* Release */ = {
			isa = XCBuildConfiguration;
			buildSettings = {
				ASSETCATALOG_COMPILER_APPICON_NAME = AppIcon;
				INFOPLIST_FILE = EVA2_P4_AUTOS/Info.plist;
				LD_RUNPATH_SEARCH_PATHS = "$(inherited) @executable_path/Frameworks";
				PRODUCT_BUNDLE_IDENTIFIER = "com.jose.EVA2-P4-AUTOS";
				PRODUCT_NAME = "$(TARGET_NAME)";
			};
			name = Release;
		};
		2924BFBD1E8D73AF00F3D3DE /* Debug */ = {
			isa = XCBuildConfiguration;
			buildSettings = {
				BUNDLE_LOADER = "$(TEST_HOST)";
				INFOPLIST_FILE = EVA2_P4_AUTOSTests/Info.plist;
				LD_RUNPATH_SEARCH_PATHS = "$(inherited) @executable_path/Frameworks @loader_path/Frameworks";
				PRODUCT_BUNDLE_IDENTIFIER = "com.jose.EVA2-P4-AUTOSTests";
				PRODUCT_NAME = "$(TARGET_NAME)";
				TEST_HOST = "$(BUILT_PRODUCTS_DIR)/EVA2_P4_AUTOS.app/EVA2_P4_AUTOS";
			};
			name = Debug;
		};
		2924BFBE1E8D73AF00F3D3DE /* Release */ = {
			isa = XCBuildConfiguration;
			buildSettings = {
				BUNDLE_LOADER = "$(TEST_HOST)";
				INFOPLIST_FILE = EVA2_P4_AUTOSTests/Info.plist;
				LD_RUNPATH_SEARCH_PATHS = "$(inherited) @executable_path/Frameworks @loader_path/Frameworks";
				PRODUCT_BUNDLE_IDENTIFIER = "com.jose.EVA2-P4-AUTOSTests";
				PRODUCT_NAME = "$(TARGET_NAME)";
				TEST_HOST = "$(BUILT_PRODUCTS_DIR)/EVA2_P4_AUTOS.app/EVA2_P4_AUTOS";
			};
			name = Release;
		};
		2924BFC01E8D73AF00F3D3DE /* Debug */ = {
			isa = XCBuildConfiguration;
			buildSettings = {
				INFOPLIST_FILE = EVA2_P4_AUTOSUITests/Info.plist;
				LD_RUNPATH_SEARCH_PATHS = "$(inherited) @executable_path/Frameworks @loader_path/Frameworks";
				PRODUCT_BUNDLE_IDENTIFIER = "com.jose.EVA2-P4-AUTOSUITests";
				PRODUCT_NAME = "$(TARGET_NAME)";
				TEST_TARGET_NAME = EVA2_P4_AUTOS;
			};
			name = Debug;
		};
		2924BFC11E8D73AF00F3D3DE /* Release */ = {
			isa = XCBuildConfiguration;
			buildSettings = {
				INFOPLIST_FILE = EVA2_P4_AUTOSUITests/Info.plist;
				LD_RUNPATH_SEARCH_PATHS = "$(inherited) @executable_path/Frameworks @loader_path/Frameworks";
				PRODUCT_BUNDLE_IDENTIFIER = "com.jose.EVA2-P4-AUTOSUITests";
				PRODUCT_NAME = "$(TARGET_NAME)";
				TEST_TARGET_NAME = EVA2_P4_AUTOS;
			};
			name = Release;
		};
/* End XCBuildConfiguration section */

/* Begin XCConfigurationList section */
		2924BF8C1E8D73AE00F3D3DE /* Build configuration list for PBXProject "EVA2_P4_AUTOS" */ = {
			isa = XCConfigurationList;
			buildConfigurations = (
				2924BFB71E8D73AF00F3D3DE /* Debug */,
				2924BFB81E8D73AF00F3D3DE /* Release */,
			);
			defaultConfigurationIsVisible = 0;
			defaultConfigurationName = Release;
		};
		2924BFB91E8D73AF00F3D3DE /* Build configuration list for PBXNativeTarget "EVA2_P4_AUTOS" */ = {
			isa = XCConfigurationList;
			buildConfigurations = (
				2924BFBA1E8D73AF00F3D3DE /* Debug */,
				2924BFBB1E8D73AF00F3D3DE /* Release */,
			);
			defaultConfigurationIsVisible = 0;
		};
		2924BFBC1E8D73AF00F3D3DE /* Build configuration list for PBXNativeTarget "EVA2_P4_AUTOSTests" */ = {
			isa = XCConfigurationList;
			buildConfigurations = (
				2924BFBD1E8D73AF00F3D3DE /* Debug */,
				2924BFBE1E8D73AF00F3D3DE /* Release */,
			);
			defaultConfigurationIsVisible = 0;
		};
		2924BFBF1E8D73AF00F3D3DE /* Build configuration list for PBXNativeTarget "EVA2_P4_AUTOSUITests" */ = {
			isa = XCConfigurationList;
			buildConfigurations = (
				2924BFC01E8D73AF00F3D3DE /* Debug */,
				2924BFC11E8D73AF00F3D3DE /* Release */,
			);
			defaultConfigurationIsVisible = 0;
		};
/* End XCConfigurationList section */
	};
	rootObject = 2924BF891E8D73AE00F3D3DE /* Project object */;
}
