// !$*UTF8*$!
{
	archiveVersion = 1;
	classes = {
	};
	objectVersion = 46;
	objects = {

/* Begin PBXBuildFile section */
		2950D8E71E7B06370096A1EB /* AppDelegate.swift in Sources */ = {isa = PBXBuildFile; fileRef = 2950D8E61E7B06370096A1EB /* AppDelegate.swift */; };
		2950D8E91E7B06370096A1EB /* ViewController.swift in Sources */ = {isa = PBXBuildFile; fileRef = 2950D8E81E7B06370096A1EB /* ViewController.swift */; };
		2950D8EC1E7B06370096A1EB /* Main.storyboard in Resources */ = {isa = PBXBuildFile; fileRef = 2950D8EA1E7B06370096A1EB /* Main.storyboard */; };
		2950D8EE1E7B06370096A1EB /* Assets.xcassets in Resources */ = {isa = PBXBuildFile; fileRef = 2950D8ED1E7B06370096A1EB /* Assets.xcassets */; };
		2950D8F11E7B06370096A1EB /* LaunchScreen.storyboard in Resources */ = {isa = PBXBuildFile; fileRef = 2950D8EF1E7B06370096A1EB /* LaunchScreen.storyboard */; };
		2950D8FC1E7B06370096A1EB /* EV2_7_PICKER_VIEW_IMAGETests.swift in Sources */ = {isa = PBXBuildFile; fileRef = 2950D8FB1E7B06370096A1EB /* EV2_7_PICKER_VIEW_IMAGETests.swift */; };
		2950D9071E7B06380096A1EB /* EV2_7_PICKER_VIEW_IMAGEUITests.swift in Sources */ = {isa = PBXBuildFile; fileRef = 2950D9061E7B06380096A1EB /* EV2_7_PICKER_VIEW_IMAGEUITests.swift */; };
/* End PBXBuildFile section */

/* Begin PBXContainerItemProxy section */
		2950D8F81E7B06370096A1EB /* PBXContainerItemProxy */ = {
			isa = PBXContainerItemProxy;
			containerPortal = 2950D8DB1E7B06370096A1EB /* Project object */;
			proxyType = 1;
			remoteGlobalIDString = 2950D8E21E7B06370096A1EB;
			remoteInfo = EV2_7_PICKER_VIEW_IMAGE;
		};
		2950D9031E7B06380096A1EB /* PBXContainerItemProxy */ = {
			isa = PBXContainerItemProxy;
			containerPortal = 2950D8DB1E7B06370096A1EB /* Project object */;
			proxyType = 1;
			remoteGlobalIDString = 2950D8E21E7B06370096A1EB;
			remoteInfo = EV2_7_PICKER_VIEW_IMAGE;
		};
/* End PBXContainerItemProxy section */

/* Begin PBXFileReference section */
		2950D8E31E7B06370096A1EB /* EV2_7_PICKER_VIEW_IMAGE.app */ = {isa = PBXFileReference; explicitFileType = wrapper.application; includeInIndex = 0; path = EV2_7_PICKER_VIEW_IMAGE.app; sourceTree = BUILT_PRODUCTS_DIR; };
		2950D8E61E7B06370096A1EB /* AppDelegate.swift */ = {isa = PBXFileReference; lastKnownFileType = sourcecode.swift; path = AppDelegate.swift; sourceTree = "<group>"; };
		2950D8E81E7B06370096A1EB /* ViewController.swift */ = {isa = PBXFileReference; lastKnownFileType = sourcecode.swift; path = ViewController.swift; sourceTree = "<group>"; };
		2950D8EB1E7B06370096A1EB /* Base */ = {isa = PBXFileReference; lastKnownFileType = file.storyboard; name = Base; path = Base.lproj/Main.storyboard; sourceTree = "<group>"; };
		2950D8ED1E7B06370096A1EB /* Assets.xcassets */ = {isa = PBXFileReference; lastKnownFileType = folder.assetcatalog; path = Assets.xcassets; sourceTree = "<group>"; };
		2950D8F01E7B06370096A1EB /* Base */ = {isa = PBXFileReference; lastKnownFileType = file.storyboard; name = Base; path = Base.lproj/LaunchScreen.storyboard; sourceTree = "<group>"; };
		2950D8F21E7B06370096A1EB /* Info.plist */ = {isa = PBXFileReference; lastKnownFileType = text.plist.xml; path = Info.plist; sourceTree = "<group>"; };
		2950D8F71E7B06370096A1EB /* EV2_7_PICKER_VIEW_IMAGETests.xctest */ = {isa = PBXFileReference; explicitFileType = wrapper.cfbundle; includeInIndex = 0; path = EV2_7_PICKER_VIEW_IMAGETests.xctest; sourceTree = BUILT_PRODUCTS_DIR; };
		2950D8FB1E7B06370096A1EB /* EV2_7_PICKER_VIEW_IMAGETests.swift */ = {isa = PBXFileReference; lastKnownFileType = sourcecode.swift; path = EV2_7_PICKER_VIEW_IMAGETests.swift; sourceTree = "<group>"; };
		2950D8FD1E7B06370096A1EB /* Info.plist */ = {isa = PBXFileReference; lastKnownFileType = text.plist.xml; path = Info.plist; sourceTree = "<group>"; };
		2950D9021E7B06380096A1EB /* EV2_7_PICKER_VIEW_IMAGEUITests.xctest */ = {isa = PBXFileReference; explicitFileType = wrapper.cfbundle; includeInIndex = 0; path = EV2_7_PICKER_VIEW_IMAGEUITests.xctest; sourceTree = BUILT_PRODUCTS_DIR; };
		2950D9061E7B06380096A1EB /* EV2_7_PICKER_VIEW_IMAGEUITests.swift */ = {isa = PBXFileReference; lastKnownFileType = sourcecode.swift; path = EV2_7_PICKER_VIEW_IMAGEUITests.swift; sourceTree = "<group>"; };
		2950D9081E7B06380096A1EB /* Info.plist */ = {isa = PBXFileReference; lastKnownFileType = text.plist.xml; path = Info.plist; sourceTree = "<group>"; };
/* End PBXFileReference section */

/* Begin PBXFrameworksBuildPhase section */
		2950D8E01E7B06370096A1EB /* Frameworks */ = {
			isa = PBXFrameworksBuildPhase;
			buildActionMask = 2147483647;
			files = (
			);
			runOnlyForDeploymentPostprocessing = 0;
		};
		2950D8F41E7B06370096A1EB /* Frameworks */ = {
			isa = PBXFrameworksBuildPhase;
			buildActionMask = 2147483647;
			files = (
			);
			runOnlyForDeploymentPostprocessing = 0;
		};
		2950D8FF1E7B06380096A1EB /* Frameworks */ = {
			isa = PBXFrameworksBuildPhase;
			buildActionMask = 2147483647;
			files = (
			);
			runOnlyForDeploymentPostprocessing = 0;
		};
/* End PBXFrameworksBuildPhase section */

/* Begin PBXGroup section */
		2950D8DA1E7B06370096A1EB = {
			isa = PBXGroup;
			children = (
				2950D8E51E7B06370096A1EB /* EV2_7_PICKER_VIEW_IMAGE */,
				2950D8FA1E7B06370096A1EB /* EV2_7_PICKER_VIEW_IMAGETests */,
				2950D9051E7B06380096A1EB /* EV2_7_PICKER_VIEW_IMAGEUITests */,
				2950D8E41E7B06370096A1EB /* Products */,
			);
			sourceTree = "<group>";
		};
		2950D8E41E7B06370096A1EB /* Products */ = {
			isa = PBXGroup;
			children = (
				2950D8E31E7B06370096A1EB /* EV2_7_PICKER_VIEW_IMAGE.app */,
				2950D8F71E7B06370096A1EB /* EV2_7_PICKER_VIEW_IMAGETests.xctest */,
				2950D9021E7B06380096A1EB /* EV2_7_PICKER_VIEW_IMAGEUITests.xctest */,
			);
			name = Products;
			sourceTree = "<group>";
		};
		2950D8E51E7B06370096A1EB /* EV2_7_PICKER_VIEW_IMAGE */ = {
			isa = PBXGroup;
			children = (
				2950D8E61E7B06370096A1EB /* AppDelegate.swift */,
				2950D8E81E7B06370096A1EB /* ViewController.swift */,
				2950D8EA1E7B06370096A1EB /* Main.storyboard */,
				2950D8ED1E7B06370096A1EB /* Assets.xcassets */,
				2950D8EF1E7B06370096A1EB /* LaunchScreen.storyboard */,
				2950D8F21E7B06370096A1EB /* Info.plist */,
			);
			path = EV2_7_PICKER_VIEW_IMAGE;
			sourceTree = "<group>";
		};
		2950D8FA1E7B06370096A1EB /* EV2_7_PICKER_VIEW_IMAGETests */ = {
			isa = PBXGroup;
			children = (
				2950D8FB1E7B06370096A1EB /* EV2_7_PICKER_VIEW_IMAGETests.swift */,
				2950D8FD1E7B06370096A1EB /* Info.plist */,
			);
			path = EV2_7_PICKER_VIEW_IMAGETests;
			sourceTree = "<group>";
		};
		2950D9051E7B06380096A1EB /* EV2_7_PICKER_VIEW_IMAGEUITests */ = {
			isa = PBXGroup;
			children = (
				2950D9061E7B06380096A1EB /* EV2_7_PICKER_VIEW_IMAGEUITests.swift */,
				2950D9081E7B06380096A1EB /* Info.plist */,
			);
			path = EV2_7_PICKER_VIEW_IMAGEUITests;
			sourceTree = "<group>";
		};
/* End PBXGroup section */

/* Begin PBXNativeTarget section */
		2950D8E21E7B06370096A1EB /* EV2_7_PICKER_VIEW_IMAGE */ = {
			isa = PBXNativeTarget;
			buildConfigurationList = 2950D90B1E7B06380096A1EB /* Build configuration list for PBXNativeTarget "EV2_7_PICKER_VIEW_IMAGE" */;
			buildPhases = (
				2950D8DF1E7B06370096A1EB /* Sources */,
				2950D8E01E7B06370096A1EB /* Frameworks */,
				2950D8E11E7B06370096A1EB /* Resources */,
			);
			buildRules = (
			);
			dependencies = (
			);
			name = EV2_7_PICKER_VIEW_IMAGE;
			productName = EV2_7_PICKER_VIEW_IMAGE;
			productReference = 2950D8E31E7B06370096A1EB /* EV2_7_PICKER_VIEW_IMAGE.app */;
			productType = "com.apple.product-type.application";
		};
		2950D8F61E7B06370096A1EB /* EV2_7_PICKER_VIEW_IMAGETests */ = {
			isa = PBXNativeTarget;
			buildConfigurationList = 2950D90E1E7B06380096A1EB /* Build configuration list for PBXNativeTarget "EV2_7_PICKER_VIEW_IMAGETests" */;
			buildPhases = (
				2950D8F31E7B06370096A1EB /* Sources */,
				2950D8F41E7B06370096A1EB /* Frameworks */,
				2950D8F51E7B06370096A1EB /* Resources */,
			);
			buildRules = (
			);
			dependencies = (
				2950D8F91E7B06370096A1EB /* PBXTargetDependency */,
			);
			name = EV2_7_PICKER_VIEW_IMAGETests;
			productName = EV2_7_PICKER_VIEW_IMAGETests;
			productReference = 2950D8F71E7B06370096A1EB /* EV2_7_PICKER_VIEW_IMAGETests.xctest */;
			productType = "com.apple.product-type.bundle.unit-test";
		};
		2950D9011E7B06380096A1EB /* EV2_7_PICKER_VIEW_IMAGEUITests */ = {
			isa = PBXNativeTarget;
			buildConfigurationList = 2950D9111E7B06380096A1EB /* Build configuration list for PBXNativeTarget "EV2_7_PICKER_VIEW_IMAGEUITests" */;
			buildPhases = (
				2950D8FE1E7B06380096A1EB /* Sources */,
				2950D8FF1E7B06380096A1EB /* Frameworks */,
				2950D9001E7B06380096A1EB /* Resources */,
			);
			buildRules = (
			);
			dependencies = (
				2950D9041E7B06380096A1EB /* PBXTargetDependency */,
			);
			name = EV2_7_PICKER_VIEW_IMAGEUITests;
			productName = EV2_7_PICKER_VIEW_IMAGEUITests;
			productReference = 2950D9021E7B06380096A1EB /* EV2_7_PICKER_VIEW_IMAGEUITests.xctest */;
			productType = "com.apple.product-type.bundle.ui-testing";
		};
/* End PBXNativeTarget section */

/* Begin PBXProject section */
		2950D8DB1E7B06370096A1EB /* Project object */ = {
			isa = PBXProject;
			attributes = {
				LastSwiftUpdateCheck = 0730;
				LastUpgradeCheck = 0730;
				ORGANIZATIONNAME = "JOSE CARLOS";
				TargetAttributes = {
					2950D8E21E7B06370096A1EB = {
						CreatedOnToolsVersion = 7.3.1;
					};
					2950D8F61E7B06370096A1EB = {
						CreatedOnToolsVersion = 7.3.1;
						TestTargetID = 2950D8E21E7B06370096A1EB;
					};
					2950D9011E7B06380096A1EB = {
						CreatedOnToolsVersion = 7.3.1;
						TestTargetID = 2950D8E21E7B06370096A1EB;
					};
				};
			};
			buildConfigurationList = 2950D8DE1E7B06370096A1EB /* Build configuration list for PBXProject "EV2_7_PICKER_VIEW_IMAGE" */;
			compatibilityVersion = "Xcode 3.2";
			developmentRegion = English;
			hasScannedForEncodings = 0;
			knownRegions = (
				en,
				Base,
			);
			mainGroup = 2950D8DA1E7B06370096A1EB;
			productRefGroup = 2950D8E41E7B06370096A1EB /* Products */;
			projectDirPath = "";
			projectRoot = "";
			targets = (
				2950D8E21E7B06370096A1EB /* EV2_7_PICKER_VIEW_IMAGE */,
				2950D8F61E7B06370096A1EB /* EV2_7_PICKER_VIEW_IMAGETests */,
				2950D9011E7B06380096A1EB /* EV2_7_PICKER_VIEW_IMAGEUITests */,
			);
		};
/* End PBXProject section */

/* Begin PBXResourcesBuildPhase section */
		2950D8E11E7B06370096A1EB /* Resources */ = {
			isa = PBXResourcesBuildPhase;
			buildActionMask = 2147483647;
			files = (
				2950D8F11E7B06370096A1EB /* LaunchScreen.storyboard in Resources */,
				2950D8EE1E7B06370096A1EB /* Assets.xcassets in Resources */,
				2950D8EC1E7B06370096A1EB /* Main.storyboard in Resources */,
			);
			runOnlyForDeploymentPostprocessing = 0;
		};
		2950D8F51E7B06370096A1EB /* Resources */ = {
			isa = PBXResourcesBuildPhase;
			buildActionMask = 2147483647;
			files = (
			);
			runOnlyForDeploymentPostprocessing = 0;
		};
		2950D9001E7B06380096A1EB /* Resources */ = {
			isa = PBXResourcesBuildPhase;
			buildActionMask = 2147483647;
			files = (
			);
			runOnlyForDeploymentPostprocessing = 0;
		};
/* End PBXResourcesBuildPhase section */

/* Begin PBXSourcesBuildPhase section */
		2950D8DF1E7B06370096A1EB /* Sources */ = {
			isa = PBXSourcesBuildPhase;
			buildActionMask = 2147483647;
			files = (
				2950D8E91E7B06370096A1EB /* ViewController.swift in Sources */,
				2950D8E71E7B06370096A1EB /* AppDelegate.swift in Sources */,
			);
			runOnlyForDeploymentPostprocessing = 0;
		};
		2950D8F31E7B06370096A1EB /* Sources */ = {
			isa = PBXSourcesBuildPhase;
			buildActionMask = 2147483647;
			files = (
				2950D8FC1E7B06370096A1EB /* EV2_7_PICKER_VIEW_IMAGETests.swift in Sources */,
			);
			runOnlyForDeploymentPostprocessing = 0;
		};
		2950D8FE1E7B06380096A1EB /* Sources */ = {
			isa = PBXSourcesBuildPhase;
			buildActionMask = 2147483647;
			files = (
				2950D9071E7B06380096A1EB /* EV2_7_PICKER_VIEW_IMAGEUITests.swift in Sources */,
			);
			runOnlyForDeploymentPostprocessing = 0;
		};
/* End PBXSourcesBuildPhase section */

/* Begin PBXTargetDependency section */
		2950D8F91E7B06370096A1EB /* PBXTargetDependency */ = {
			isa = PBXTargetDependency;
			target = 2950D8E21E7B06370096A1EB /* EV2_7_PICKER_VIEW_IMAGE */;
			targetProxy = 2950D8F81E7B06370096A1EB /* PBXContainerItemProxy */;
		};
		2950D9041E7B06380096A1EB /* PBXTargetDependency */ = {
			isa = PBXTargetDependency;
			target = 2950D8E21E7B06370096A1EB /* EV2_7_PICKER_VIEW_IMAGE */;
			targetProxy = 2950D9031E7B06380096A1EB /* PBXContainerItemProxy */;
		};
/* End PBXTargetDependency section */

/* Begin PBXVariantGroup section */
		2950D8EA1E7B06370096A1EB /* Main.storyboard */ = {
			isa = PBXVariantGroup;
			children = (
				2950D8EB1E7B06370096A1EB /* Base */,
			);
			name = Main.storyboard;
			sourceTree = "<group>";
		};
		2950D8EF1E7B06370096A1EB /* LaunchScreen.storyboard */ = {
			isa = PBXVariantGroup;
			children = (
				2950D8F01E7B06370096A1EB /* Base */,
			);
			name = LaunchScreen.storyboard;
			sourceTree = "<group>";
		};
/* End PBXVariantGroup section */

/* Begin XCBuildConfiguration section */
		2950D9091E7B06380096A1EB /* Debug */ = {
			isa = XCBuildConfiguration;
			buildSettings = {
				ALWAYS_SEARCH_USER_PATHS = NO;
				CLANG_ANALYZER_NONNULL = YES;
				CLANG_CXX_LANGUAGE_STANDARD = "gnu++0x";
				CLANG_CXX_LIBRARY = "libc++";
				CLANG_ENABLE_MODULES = YES;
				CLANG_ENABLE_OBJC_ARC = YES;
				CLANG_WARN_BOOL_CONVERSION = YES;
				CLANG_WARN_CONSTANT_CONVERSION = YES;
				CLANG_WARN_DIRECT_OBJC_ISA_USAGE = YES_ERROR;
				CLANG_WARN_EMPTY_BODY = YES;
				CLANG_WARN_ENUM_CONVERSION = YES;
				CLANG_WARN_INT_CONVERSION = YES;
				CLANG_WARN_OBJC_ROOT_CLASS = YES_ERROR;
				CLANG_WARN_UNREACHABLE_CODE = YES;
				CLANG_WARN__DUPLICATE_METHOD_MATCH = YES;
				"CODE_SIGN_IDENTITY[sdk=iphoneos*]" = "iPhone Developer";
				COPY_PHASE_STRIP = NO;
				DEBUG_INFORMATION_FORMAT = dwarf;
				ENABLE_STRICT_OBJC_MSGSEND = YES;
				ENABLE_TESTABILITY = YES;
				GCC_C_LANGUAGE_STANDARD = gnu99;
				GCC_DYNAMIC_NO_PIC = NO;
				GCC_NO_COMMON_BLOCKS = YES;
				GCC_OPTIMIZATION_LEVEL = 0;
				GCC_PREPROCESSOR_DEFINITIONS = (
					"DEBUG=1",
					"$(inherited)",
				);
				GCC_WARN_64_TO_32_BIT_CONVERSION = YES;
				GCC_WARN_ABOUT_RETURN_TYPE = YES_ERROR;
				GCC_WARN_UNDECLARED_SELECTOR = YES;
				GCC_WARN_UNINITIALIZED_AUTOS = YES_AGGRESSIVE;
				GCC_WARN_UNUSED_FUNCTION = YES;
				GCC_WARN_UNUSED_VARIABLE = YES;
				IPHONEOS_DEPLOYMENT_TARGET = 9.3;
				MTL_ENABLE_DEBUG_INFO = YES;
				ONLY_ACTIVE_ARCH = YES;
				SDKROOT = iphoneos;
				SWIFT_OPTIMIZATION_LEVEL = "-Onone";
				TARGETED_DEVICE_FAMILY = "1,2";
			};
			name = Debug;
		};
		2950D90A1E7B06380096A1EB /* Release */ = {
			isa = XCBuildConfiguration;
			buildSettings = {
				ALWAYS_SEARCH_USER_PATHS = NO;
				CLANG_ANALYZER_NONNULL = YES;
				CLANG_CXX_LANGUAGE_STANDARD = "gnu++0x";
				CLANG_CXX_LIBRARY = "libc++";
				CLANG_ENABLE_MODULES = YES;
				CLANG_ENABLE_OBJC_ARC = YES;
				CLANG_WARN_BOOL_CONVERSION = YES;
				CLANG_WARN_CONSTANT_CONVERSION = YES;
				CLANG_WARN_DIRECT_OBJC_ISA_USAGE = YES_ERROR;
				CLANG_WARN_EMPTY_BODY = YES;
				CLANG_WARN_ENUM_CONVERSION = YES;
				CLANG_WARN_INT_CONVERSION = YES;
				CLANG_WARN_OBJC_ROOT_CLASS = YES_ERROR;
				CLANG_WARN_UNREACHABLE_CODE = YES;
				CLANG_WARN__DUPLICATE_METHOD_MATCH = YES;
				"CODE_SIGN_IDENTITY[sdk=iphoneos*]" = "iPhone Developer";
				COPY_PHASE_STRIP = NO;
				DEBUG_INFORMATION_FORMAT = "dwarf-with-dsym";
				ENABLE_NS_ASSERTIONS = NO;
				ENABLE_STRICT_OBJC_MSGSEND = YES;
				GCC_C_LANGUAGE_STANDARD = gnu99;
				GCC_NO_COMMON_BLOCKS = YES;
				GCC_WARN_64_TO_32_BIT_CONVERSION = YES;
				GCC_WARN_ABOUT_RETURN_TYPE = YES_ERROR;
				GCC_WARN_UNDECLARED_SELECTOR = YES;
				GCC_WARN_UNINITIALIZED_AUTOS = YES_AGGRESSIVE;
				GCC_WARN_UNUSED_FUNCTION = YES;
				GCC_WARN_UNUSED_VARIABLE = YES;
				IPHONEOS_DEPLOYMENT_TARGET = 9.3;
				MTL_ENABLE_DEBUG_INFO = NO;
				SDKROOT = iphoneos;
				TARGETED_DEVICE_FAMILY = "1,2";
				VALIDATE_PRODUCT = YES;
			};
			name = Release;
		};
		2950D90C1E7B06380096A1EB /* Debug */ = {
			isa = XCBuildConfiguration;
			buildSettings = {
				ASSETCATALOG_COMPILER_APPICON_NAME = AppIcon;
				INFOPLIST_FILE = EV2_7_PICKER_VIEW_IMAGE/Info.plist;
				LD_RUNPATH_SEARCH_PATHS = "$(inherited) @executable_path/Frameworks";
				PRODUCT_BUNDLE_IDENTIFIER = "com.jose.EV2-7-PICKER-VIEW-IMAGE";
				PRODUCT_NAME = "$(TARGET_NAME)";
			};
			name = Debug;
		};
		2950D90D1E7B06380096A1EB /* Release */ = {
			isa = XCBuildConfiguration;
			buildSettings = {
				ASSETCATALOG_COMPILER_APPICON_NAME = AppIcon;
				INFOPLIST_FILE = EV2_7_PICKER_VIEW_IMAGE/Info.plist;
				LD_RUNPATH_SEARCH_PATHS = "$(inherited) @executable_path/Frameworks";
				PRODUCT_BUNDLE_IDENTIFIER = "com.jose.EV2-7-PICKER-VIEW-IMAGE";
				PRODUCT_NAME = "$(TARGET_NAME)";
			};
			name = Release;
		};
		2950D90F1E7B06380096A1EB /* Debug */ = {
			isa = XCBuildConfiguration;
			buildSettings = {
				BUNDLE_LOADER = "$(TEST_HOST)";
				INFOPLIST_FILE = EV2_7_PICKER_VIEW_IMAGETests/Info.plist;
				LD_RUNPATH_SEARCH_PATHS = "$(inherited) @executable_path/Frameworks @loader_path/Frameworks";
				PRODUCT_BUNDLE_IDENTIFIER = "com.jose.EV2-7-PICKER-VIEW-IMAGETests";
				PRODUCT_NAME = "$(TARGET_NAME)";
				TEST_HOST = "$(BUILT_PRODUCTS_DIR)/EV2_7_PICKER_VIEW_IMAGE.app/EV2_7_PICKER_VIEW_IMAGE";
			};
			name = Debug;
		};
		2950D9101E7B06380096A1EB /* Release */ = {
			isa = XCBuildConfiguration;
			buildSettings = {
				BUNDLE_LOADER = "$(TEST_HOST)";
				INFOPLIST_FILE = EV2_7_PICKER_VIEW_IMAGETests/Info.plist;
				LD_RUNPATH_SEARCH_PATHS = "$(inherited) @executable_path/Frameworks @loader_path/Frameworks";
				PRODUCT_BUNDLE_IDENTIFIER = "com.jose.EV2-7-PICKER-VIEW-IMAGETests";
				PRODUCT_NAME = "$(TARGET_NAME)";
				TEST_HOST = "$(BUILT_PRODUCTS_DIR)/EV2_7_PICKER_VIEW_IMAGE.app/EV2_7_PICKER_VIEW_IMAGE";
			};
			name = Release;
		};
		2950D9121E7B06380096A1EB /* Debug */ = {
			isa = XCBuildConfiguration;
			buildSettings = {
				INFOPLIST_FILE = EV2_7_PICKER_VIEW_IMAGEUITests/Info.plist;
				LD_RUNPATH_SEARCH_PATHS = "$(inherited) @executable_path/Frameworks @loader_path/Frameworks";
				PRODUCT_BUNDLE_IDENTIFIER = "com.jose.EV2-7-PICKER-VIEW-IMAGEUITests";
				PRODUCT_NAME = "$(TARGET_NAME)";
				TEST_TARGET_NAME = EV2_7_PICKER_VIEW_IMAGE;
			};
			name = Debug;
		};
		2950D9131E7B06380096A1EB /* Release */ = {
			isa = XCBuildConfiguration;
			buildSettings = {
				INFOPLIST_FILE = EV2_7_PICKER_VIEW_IMAGEUITests/Info.plist;
				LD_RUNPATH_SEARCH_PATHS = "$(inherited) @executable_path/Frameworks @loader_path/Frameworks";
				PRODUCT_BUNDLE_IDENTIFIER = "com.jose.EV2-7-PICKER-VIEW-IMAGEUITests";
				PRODUCT_NAME = "$(TARGET_NAME)";
				TEST_TARGET_NAME = EV2_7_PICKER_VIEW_IMAGE;
			};
			name = Release;
		};
/* End XCBuildConfiguration section */

/* Begin XCConfigurationList section */
		2950D8DE1E7B06370096A1EB /* Build configuration list for PBXProject "EV2_7_PICKER_VIEW_IMAGE" */ = {
			isa = XCConfigurationList;
			buildConfigurations = (
				2950D9091E7B06380096A1EB /* Debug */,
				2950D90A1E7B06380096A1EB /* Release */,
			);
			defaultConfigurationIsVisible = 0;
			defaultConfigurationName = Release;
		};
		2950D90B1E7B06380096A1EB /* Build configuration list for PBXNativeTarget "EV2_7_PICKER_VIEW_IMAGE" */ = {
			isa = XCConfigurationList;
			buildConfigurations = (
				2950D90C1E7B06380096A1EB /* Debug */,
				2950D90D1E7B06380096A1EB /* Release */,
			);
			defaultConfigurationIsVisible = 0;
		};
		2950D90E1E7B06380096A1EB /* Build configuration list for PBXNativeTarget "EV2_7_PICKER_VIEW_IMAGETests" */ = {
			isa = XCConfigurationList;
			buildConfigurations = (
				2950D90F1E7B06380096A1EB /* Debug */,
				2950D9101E7B06380096A1EB /* Release */,
			);
			defaultConfigurationIsVisible = 0;
		};
		2950D9111E7B06380096A1EB /* Build configuration list for PBXNativeTarget "EV2_7_PICKER_VIEW_IMAGEUITests" */ = {
			isa = XCConfigurationList;
			buildConfigurations = (
				2950D9121E7B06380096A1EB /* Debug */,
				2950D9131E7B06380096A1EB /* Release */,
			);
			defaultConfigurationIsVisible = 0;
		};
/* End XCConfigurationList section */
	};
	rootObject = 2950D8DB1E7B06370096A1EB /* Project object */;
}
